github.com/grindlemire/go-tui v0.18.2 h1:pMYnqPuAIA3w1czqFp34Jdf5s9JHdFATIytTjij1QRc=
github.com/grindlemire/go-tui v0.18.2/go.mod h1:95oaPy6Iu6MZpiByUqxYz2Wcbckzvaw3K0jgQeI4dD0=
github.com/joho/godotenv v1.5.1 h1:7eLL/+HRGLY0ldzfGMeQkb7vMd0as4CfYvUVzLqw0N0=
github.com/joho/godotenv v1.5.1/go.mod h1:f4LDr5Voq0i2e/R5DDNOoa2zzDfwtkZa6DnEwAbqwq4=
github.com/passbolt/go-passbolt v0.8.1 h1:P4l6qhVUrogUMXyVvPtu8ua5AaWnI9gc0PrA1Rer3fU=
github.com/passbolt/go-passbolt v0.8.1/go.mod h1:D9ffZzEwZCVpbw6FLxvknna1tKQC73/R49uWM2OxLNA=
golang.org/x/sys v0.46.0 h1:noSf2Fq6F8DBgS+LysIkx7rIExoNHJsxOAtPp4rthXw=
golang.org/x/sys v0.46.0/go.mod h1:4GL1E5IUh+htKOUEOaiffhrAeqysfVGipDYzABqnCmw=
